
Microsoft Visual Studio Solution File, Format Version 12.00
# Visual Studio Version 17
VisualStudioVersion = 17.9.34607.119
MinimumVisualStudioVersion = 10.0.40219.1
Project("{9A19103F-16F7-4668-BE54-9A1E7A4F7556}") = "Calculator", "Calculator.csproj", "{37F281AE-0330-4C4A-970F-0091206EAAA9}"
EndProject
Global
	GlobalSection(SolutionConfigurationPlatforms) = preSolution
		Debug|Any CPU = Debug|Any CPU
		Release|Any CPU = Release|Any CPU
	EndGlobalSection
	GlobalSection(ProjectConfigurationPlatforms) = postSolution
		{37F281AE-0330-4C4A-970F-0091206EAAA9}.Debug|Any CPU.ActiveCfg = Debug|Any CPU
		{37F281AE-0330-4C4A-970F-0091206EAAA9}.Debug|Any CPU.Build.0 = Debug|Any CPU
		{37F281AE-0330-4C4A-970F-0091206EAAA9}.Release|Any CPU.ActiveCfg = Release|Any CPU
		{37F281AE-0330-4C4A-970F-0091206EAAA9}.Release|Any CPU.Build.0 = Release|Any CPU
	EndGlobalSection
	GlobalSection(SolutionProperties) = preSolution
		HideSolutionNode = FALSE
	EndGlobalSection
	GlobalSection(ExtensibilityGlobals) = postSolution
		SolutionGuid = {646FF905-AE97-45E4-989F-4BBD0AFFED10}
	EndGlobalSection
EndGlobal
